
Microsoft Visual Studio Solution File, Format Version 12.00
Project("{FAE04EC0-301F-11D3-BF4B-00C04F79EFBC}") = "Antelcat.MediasoupSharp", "Antelcat.MediasoupSharp\Antelcat.MediasoupSharp.csproj", "{AE1F9E80-2D11-43BB-BD2A-4AA566501098}"
EndProject
Project("{FAE04EC0-301F-11D3-BF4B-00C04F79EFBC}") = "Antelcat.LibuvSharp", "..\libuv-sharp\src\Antelcat.LibuvSharp\Antelcat.LibuvSharp.csproj", "{46E2BF6D-DD8B-4B4B-AE34-F72633550888}"
EndProject
Project("{FAE04EC0-301F-11D3-BF4B-00C04F79EFBC}") = "Antelcat.MediasoupSharp.Test", "Antelcat.MediasoupSharp.Test\Antelcat.MediasoupSharp.Test.csproj", "{FC0C15B6-2DB1-4E5F-BC51-E9A9939E3692}"
EndProject
Project("{FAE04EC0-301F-11D3-BF4B-00C04F79EFBC}") = "Antelcat.MediasoupSharp.AspNetCore", "Antelcat.MediasoupSharp.AspNetCore\Antelcat.MediasoupSharp.AspNetCore.csproj", "{403E2643-81CA-4A21-B2AC-15021104053E}"
EndProject
Project("{FAE04EC0-301F-11D3-BF4B-00C04F79EFBC}") = "Antelcat.MediasoupSharp.Meeting", "Antelcat.MediasoupSharp.Meeting\Antelcat.MediasoupSharp.Meeting.csproj", "{B83CBB83-135B-42AA-8823-E69140458BB2}"
EndProject
Project("{2150E333-8FDC-42A3-9474-1A3956D46DE8}") = "_", "_", "{D6F2D417-D704-4CEA-B057-38801F5A9467}"
	ProjectSection(SolutionItems) = preProject
		Build.props = Build.props
		..\README.md = ..\README.md
	EndProjectSection
EndProject
Project("{FAE04EC0-301F-11D3-BF4B-00C04F79EFBC}") = "Antelcat.MediasoupSharp.Demo", "Antelcat.MediasoupSharp.Demo\Antelcat.MediasoupSharp.Demo.csproj", "{4D77A7A7-EBA0-4794-94A8-D25A08BD829C}"
EndProject
Project("{FAE04EC0-301F-11D3-BF4B-00C04F79EFBC}") = "Antelcat.MediasoupSharp.runtime.win-x64", "Antelcat.MediasoupSharp.runtime\Antelcat.MediasoupSharp.runtime.win-x64.csproj", "{1ADA8434-0FC1-4C10-A023-4DB69998B93B}"
EndProject
Project("{2150E333-8FDC-42A3-9474-1A3956D46DE8}") = "Native", "Native", "{6B994943-C70E-462C-BC12-772E45335C36}"
EndProject
Project("{FAE04EC0-301F-11D3-BF4B-00C04F79EFBC}") = "Antelcat.MediasoupSharp.runtime.linux-x64", "Antelcat.MediasoupSharp.runtime\Antelcat.MediasoupSharp.runtime.linux-x64.csproj", "{F241E314-DCC7-4EE7-8798-FC68E6F70D74}"
EndProject
Global
	GlobalSection(SolutionConfigurationPlatforms) = preSolution
		Debug|Any CPU = Debug|Any CPU
		Release|Any CPU = Release|Any CPU
	EndGlobalSection
	GlobalSection(ProjectConfigurationPlatforms) = postSolution
		{AE1F9E80-2D11-43BB-BD2A-4AA566501098}.Debug|Any CPU.ActiveCfg = Debug|Any CPU
		{AE1F9E80-2D11-43BB-BD2A-4AA566501098}.Debug|Any CPU.Build.0 = Debug|Any CPU
		{AE1F9E80-2D11-43BB-BD2A-4AA566501098}.Release|Any CPU.ActiveCfg = Release|Any CPU
		{AE1F9E80-2D11-43BB-BD2A-4AA566501098}.Release|Any CPU.Build.0 = Release|Any CPU
		{46E2BF6D-DD8B-4B4B-AE34-F72633550888}.Debug|Any CPU.ActiveCfg = Debug|Any CPU
		{46E2BF6D-DD8B-4B4B-AE34-F72633550888}.Debug|Any CPU.Build.0 = Debug|Any CPU
		{46E2BF6D-DD8B-4B4B-AE34-F72633550888}.Release|Any CPU.ActiveCfg = Release|Any CPU
		{46E2BF6D-DD8B-4B4B-AE34-F72633550888}.Release|Any CPU.Build.0 = Release|Any CPU
		{FC0C15B6-2DB1-4E5F-BC51-E9A9939E3692}.Debug|Any CPU.ActiveCfg = Debug|Any CPU
		{FC0C15B6-2DB1-4E5F-BC51-E9A9939E3692}.Debug|Any CPU.Build.0 = Debug|Any CPU
		{FC0C15B6-2DB1-4E5F-BC51-E9A9939E3692}.Release|Any CPU.ActiveCfg = Release|Any CPU
		{FC0C15B6-2DB1-4E5F-BC51-E9A9939E3692}.Release|Any CPU.Build.0 = Release|Any CPU
		{403E2643-81CA-4A21-B2AC-15021104053E}.Debug|Any CPU.ActiveCfg = Debug|Any CPU
		{403E2643-81CA-4A21-B2AC-15021104053E}.Debug|Any CPU.Build.0 = Debug|Any CPU
		{403E2643-81CA-4A21-B2AC-15021104053E}.Release|Any CPU.ActiveCfg = Release|Any CPU
		{403E2643-81CA-4A21-B2AC-15021104053E}.Release|Any CPU.Build.0 = Release|Any CPU
		{B83CBB83-135B-42AA-8823-E69140458BB2}.Debug|Any CPU.ActiveCfg = Debug|Any CPU
		{B83CBB83-135B-42AA-8823-E69140458BB2}.Debug|Any CPU.Build.0 = Debug|Any CPU
		{B83CBB83-135B-42AA-8823-E69140458BB2}.Release|Any CPU.ActiveCfg = Release|Any CPU
		{B83CBB83-135B-42AA-8823-E69140458BB2}.Release|Any CPU.Build.0 = Release|Any CPU
		{4D77A7A7-EBA0-4794-94A8-D25A08BD829C}.Debug|Any CPU.ActiveCfg = Debug|Any CPU
		{4D77A7A7-EBA0-4794-94A8-D25A08BD829C}.Debug|Any CPU.Build.0 = Debug|Any CPU
		{4D77A7A7-EBA0-4794-94A8-D25A08BD829C}.Release|Any CPU.ActiveCfg = Release|Any CPU
		{4D77A7A7-EBA0-4794-94A8-D25A08BD829C}.Release|Any CPU.Build.0 = Release|Any CPU
		{1ADA8434-0FC1-4C10-A023-4DB69998B93B}.Debug|Any CPU.ActiveCfg = Debug|Any CPU
		{1ADA8434-0FC1-4C10-A023-4DB69998B93B}.Debug|Any CPU.Build.0 = Debug|Any CPU
		{1ADA8434-0FC1-4C10-A023-4DB69998B93B}.Release|Any CPU.ActiveCfg = Release|Any CPU
		{1ADA8434-0FC1-4C10-A023-4DB69998B93B}.Release|Any CPU.Build.0 = Release|Any CPU
		{F241E314-DCC7-4EE7-8798-FC68E6F70D74}.Debug|Any CPU.ActiveCfg = Debug|Any CPU
		{F241E314-DCC7-4EE7-8798-FC68E6F70D74}.Debug|Any CPU.Build.0 = Debug|Any CPU
		{F241E314-DCC7-4EE7-8798-FC68E6F70D74}.Release|Any CPU.ActiveCfg = Release|Any CPU
		{F241E314-DCC7-4EE7-8798-FC68E6F70D74}.Release|Any CPU.Build.0 = Release|Any CPU
	EndGlobalSection
	GlobalSection(NestedProjects) = preSolution
		{1ADA8434-0FC1-4C10-A023-4DB69998B93B} = {6B994943-C70E-462C-BC12-772E45335C36}
		{F241E314-DCC7-4EE7-8798-FC68E6F70D74} = {6B994943-C70E-462C-BC12-772E45335C36}
	EndGlobalSection
EndGlobal
